
Microsoft Visual Studio Solution File, Format Version 12.00
# Visual Studio Version 17
VisualStudioVersion = 17.10.35027.167
MinimumVisualStudioVersion = 10.0.40219.1
Project("{FAE04EC0-301F-11D3-BF4B-00C04F79EFBC}") = "MathGameSolution", "MathGameSolution.csproj", "{AC42BE9A-2029-4303-A1F0-C4A14A4974F6}"
EndProject
Global
	GlobalSection(SolutionConfigurationPlatforms) = preSolution
		Debug|Any CPU = Debug|Any CPU
		Release|Any CPU = Release|Any CPU
	EndGlobalSection
	GlobalSection(ProjectConfigurationPlatforms) = postSolution
		{AC42BE9A-2029-4303-A1F0-C4A14A4974F6}.Debug|Any CPU.ActiveCfg = Debug|Any CPU
		{AC42BE9A-2029-4303-A1F0-C4A14A4974F6}.Debug|Any CPU.Build.0 = Debug|Any CPU
		{AC42BE9A-2029-4303-A1F0-C4A14A4974F6}.Release|Any CPU.ActiveCfg = Release|Any CPU
		{AC42BE9A-2029-4303-A1F0-C4A14A4974F6}.Release|Any CPU.Build.0 = Release|Any CPU
	EndGlobalSection
	GlobalSection(SolutionProperties) = preSolution
		HideSolutionNode = FALSE
	EndGlobalSection
	GlobalSection(ExtensibilityGlobals) = postSolution
		SolutionGuid = {9D187309-39BC-4E0B-9B09-0284F49E1427}
	EndGlobalSection
EndGlobal
